
Microsoft Visual Studio Solution File, Format Version 12.00
# Visual Studio Version 17
VisualStudioVersion = 17.5.002.0
MinimumVisualStudioVersion = 10.0.40219.1
Project("{9A19103F-16F7-4668-BE54-9A1E7A4F7556}") = "ex05", "ex05.csproj", "{9D4FAF74-E167-4430-BB4A-9A21783CD8DF}"
EndProject
Global
	GlobalSection(SolutionConfigurationPlatforms) = preSolution
		Debug|Any CPU = Debug|Any CPU
		Release|Any CPU = Release|Any CPU
	EndGlobalSection
	GlobalSection(ProjectConfigurationPlatforms) = postSolution
		{9D4FAF74-E167-4430-BB4A-9A21783CD8DF}.Debug|Any CPU.ActiveCfg = Debug|Any CPU
		{9D4FAF74-E167-4430-BB4A-9A21783CD8DF}.Debug|Any CPU.Build.0 = Debug|Any CPU
		{9D4FAF74-E167-4430-BB4A-9A21783CD8DF}.Release|Any CPU.ActiveCfg = Release|Any CPU
		{9D4FAF74-E167-4430-BB4A-9A21783CD8DF}.Release|Any CPU.Build.0 = Release|Any CPU
	EndGlobalSection
	GlobalSection(SolutionProperties) = preSolution
		HideSolutionNode = FALSE
	EndGlobalSection
	GlobalSection(ExtensibilityGlobals) = postSolution
		SolutionGuid = {B4851A39-A482-47D0-8246-105282D74216}
	EndGlobalSection
EndGlobal
