
Microsoft Visual Studio Solution File, Format Version 12.00
# Visual Studio Version 17
VisualStudioVersion = 17.5.002.0
MinimumVisualStudioVersion = 10.0.40219.1
Project("{9A19103F-16F7-4668-BE54-9A1E7A4F7556}") = "ex02", "ex02.csproj", "{E0F8A118-07E8-4348-961B-EFCB49C005A4}"
EndProject
Global
	GlobalSection(SolutionConfigurationPlatforms) = preSolution
		Debug|Any CPU = Debug|Any CPU
		Release|Any CPU = Release|Any CPU
	EndGlobalSection
	GlobalSection(ProjectConfigurationPlatforms) = postSolution
		{E0F8A118-07E8-4348-961B-EFCB49C005A4}.Debug|Any CPU.ActiveCfg = Debug|Any CPU
		{E0F8A118-07E8-4348-961B-EFCB49C005A4}.Debug|Any CPU.Build.0 = Debug|Any CPU
		{E0F8A118-07E8-4348-961B-EFCB49C005A4}.Release|Any CPU.ActiveCfg = Release|Any CPU
		{E0F8A118-07E8-4348-961B-EFCB49C005A4}.Release|Any CPU.Build.0 = Release|Any CPU
	EndGlobalSection
	GlobalSection(SolutionProperties) = preSolution
		HideSolutionNode = FALSE
	EndGlobalSection
	GlobalSection(ExtensibilityGlobals) = postSolution
		SolutionGuid = {B0D74ADD-4C22-4A41-9123-45345FCBAAA6}
	EndGlobalSection
EndGlobal
