
Microsoft Visual Studio Solution File, Format Version 12.00
# Visual Studio Version 17
VisualStudioVersion = 17.5.002.0
MinimumVisualStudioVersion = 10.0.40219.1
Project("{9A19103F-16F7-4668-BE54-9A1E7A4F7556}") = "ex03", "ex03.csproj", "{4F69B8FE-B267-4C39-BB0A-1D113FE16F08}"
EndProject
Global
	GlobalSection(SolutionConfigurationPlatforms) = preSolution
		Debug|Any CPU = Debug|Any CPU
		Release|Any CPU = Release|Any CPU
	EndGlobalSection
	GlobalSection(ProjectConfigurationPlatforms) = postSolution
		{4F69B8FE-B267-4C39-BB0A-1D113FE16F08}.Debug|Any CPU.ActiveCfg = Debug|Any CPU
		{4F69B8FE-B267-4C39-BB0A-1D113FE16F08}.Debug|Any CPU.Build.0 = Debug|Any CPU
		{4F69B8FE-B267-4C39-BB0A-1D113FE16F08}.Release|Any CPU.ActiveCfg = Release|Any CPU
		{4F69B8FE-B267-4C39-BB0A-1D113FE16F08}.Release|Any CPU.Build.0 = Release|Any CPU
	EndGlobalSection
	GlobalSection(SolutionProperties) = preSolution
		HideSolutionNode = FALSE
	EndGlobalSection
	GlobalSection(ExtensibilityGlobals) = postSolution
		SolutionGuid = {5E7D71B3-A435-44D5-B367-AC58F5504A0B}
	EndGlobalSection
EndGlobal
