
Microsoft Visual Studio Solution File, Format Version 12.00
# Visual Studio Version 17
VisualStudioVersion = 17.5.002.0
MinimumVisualStudioVersion = 10.0.40219.1
Project("{9A19103F-16F7-4668-BE54-9A1E7A4F7556}") = "ex02", "ex02.csproj", "{92E0CBF4-68D5-4F70-9464-6CBBBB00D642}"
EndProject
Global
	GlobalSection(SolutionConfigurationPlatforms) = preSolution
		Debug|Any CPU = Debug|Any CPU
		Release|Any CPU = Release|Any CPU
	EndGlobalSection
	GlobalSection(ProjectConfigurationPlatforms) = postSolution
		{92E0CBF4-68D5-4F70-9464-6CBBBB00D642}.Debug|Any CPU.ActiveCfg = Debug|Any CPU
		{92E0CBF4-68D5-4F70-9464-6CBBBB00D642}.Debug|Any CPU.Build.0 = Debug|Any CPU
		{92E0CBF4-68D5-4F70-9464-6CBBBB00D642}.Release|Any CPU.ActiveCfg = Release|Any CPU
		{92E0CBF4-68D5-4F70-9464-6CBBBB00D642}.Release|Any CPU.Build.0 = Release|Any CPU
	EndGlobalSection
	GlobalSection(SolutionProperties) = preSolution
		HideSolutionNode = FALSE
	EndGlobalSection
	GlobalSection(ExtensibilityGlobals) = postSolution
		SolutionGuid = {1ECE50F9-00B0-4111-9C9C-1965A978E90E}
	EndGlobalSection
EndGlobal
